
Microsoft Visual Studio Solution File, Format Version 12.00
# Visual Studio 15
VisualStudioVersion = 15.0.27004.2009
MinimumVisualStudioVersion = 10.0.40219.1
Project("{FAE04EC0-301F-11D3-BF4B-00C04F79EFBC}") = "SSMSExecutor", "SSMSExecutor\SSMSExecutor.csproj", "{B8CA7C7C-2A27-46B4-899F-BF5999E3D3A1}"
EndProject
Global
	GlobalSection(SolutionConfigurationPlatforms) = preSolution
		Debug|Any CPU = Debug|Any CPU
		Release|Any CPU = Release|Any CPU
		VS-Debug|Any CPU = VS-Debug|Any CPU
	EndGlobalSection
	GlobalSection(ProjectConfigurationPlatforms) = postSolution
		{B8CA7C7C-2A27-46B4-899F-BF5999E3D3A1}.Debug|Any CPU.ActiveCfg = Debug|Any CPU
		{B8CA7C7C-2A27-46B4-899F-BF5999E3D3A1}.Debug|Any CPU.Build.0 = Debug|Any CPU
		{B8CA7C7C-2A27-46B4-899F-BF5999E3D3A1}.Release|Any CPU.ActiveCfg = Release|Any CPU
		{B8CA7C7C-2A27-46B4-899F-BF5999E3D3A1}.Release|Any CPU.Build.0 = Release|Any CPU
		{B8CA7C7C-2A27-46B4-899F-BF5999E3D3A1}.VS-Debug|Any CPU.ActiveCfg = Debug|Any CPU
		{B8CA7C7C-2A27-46B4-899F-BF5999E3D3A1}.VS-Debug|Any CPU.Build.0 = Debug|Any CPU
	EndGlobalSection
	GlobalSection(SolutionProperties) = preSolution
		HideSolutionNode = FALSE
	EndGlobalSection
	GlobalSection(ExtensibilityGlobals) = postSolution
		SolutionGuid = {4911DE89-F952-4AC0-91EC-ED6377F69A86}
	EndGlobalSection
EndGlobal
