
Microsoft Visual Studio Solution File, Format Version 11.00
# Visual Studio 2010
Project("{FAE04EC0-301F-11D3-BF4B-00C04F79EFBC}") = "SSMSExecutor", "SSMSExecutor\SSMSExecutor.csproj", "{233602C0-416A-4691-B17A-FA3AA58AE7D6}"
EndProject
Project("{54435603-DBB4-11D2-8724-00A0C9A8B90C}") = "SSMSExecutor.Setup", "SSMSExecutor.Setup\SSMSExecutor.Setup.vdproj", "{C58C5C73-A3A5-411F-9EAC-062AA308ED61}"
EndProject
Global
	GlobalSection(TeamFoundationVersionControl) = preSolution
		SccNumberOfProjects = 3
		SccEnterpriseProvider = {4CA58AB2-18FA-4F8D-95D4-32DDF27D184C}
		SccTeamFoundationServer = https://tfs.codeplex.com/tfs/tfs29
		SccLocalPath0 = .
		SccProjectUniqueName1 = SSMSExecutor\\SSMSExecutor.csproj
		SccProjectName1 = SSMSExecutor
		SccLocalPath1 = SSMSExecutor
		SccProjectUniqueName2 = SSMSExecutor.Setup\\SSMSExecutor.Setup.vdproj
		SccProjectName2 = SSMSExecutor.Setup
		SccLocalPath2 = SSMSExecutor.Setup
	EndGlobalSection
	GlobalSection(SolutionConfigurationPlatforms) = preSolution
		Debug|Any CPU = Debug|Any CPU
		Release|Any CPU = Release|Any CPU
	EndGlobalSection
	GlobalSection(ProjectConfigurationPlatforms) = postSolution
		{233602C0-416A-4691-B17A-FA3AA58AE7D6}.Debug|Any CPU.ActiveCfg = Debug|Any CPU
		{233602C0-416A-4691-B17A-FA3AA58AE7D6}.Debug|Any CPU.Build.0 = Debug|Any CPU
		{233602C0-416A-4691-B17A-FA3AA58AE7D6}.Release|Any CPU.ActiveCfg = Release|Any CPU
		{233602C0-416A-4691-B17A-FA3AA58AE7D6}.Release|Any CPU.Build.0 = Release|Any CPU
		{C58C5C73-A3A5-411F-9EAC-062AA308ED61}.Debug|Any CPU.ActiveCfg = Debug
		{C58C5C73-A3A5-411F-9EAC-062AA308ED61}.Release|Any CPU.ActiveCfg = Release
	EndGlobalSection
	GlobalSection(SolutionProperties) = preSolution
		HideSolutionNode = FALSE
	EndGlobalSection
EndGlobal
